
Microsoft Visual Studio Solution File, Format Version 12.00
# Visual Studio Version 16
VisualStudioVersion = 16.0.31729.503
MinimumVisualStudioVersion = 10.0.40219.1
Project("{9092AA53-FB77-4645-B42D-1CCCA6BD08BD}") = "MJMODZZ Krunker Cheat", "MJMODZZ Krunker Cheat\MJMODZZ Krunker Cheat.njsproj", "{CDAE700C-01CA-4B31-87BA-173EAC4C33EA}"
EndProject
Global
	GlobalSection(SolutionConfigurationPlatforms) = preSolution
		Debug|Any CPU = Debug|Any CPU
		Release|Any CPU = Release|Any CPU
	EndGlobalSection
	GlobalSection(ProjectConfigurationPlatforms) = postSolution
		{CDAE700C-01CA-4B31-87BA-173EAC4C33EA}.Debug|Any CPU.ActiveCfg = Debug|Any CPU
		{CDAE700C-01CA-4B31-87BA-173EAC4C33EA}.Debug|Any CPU.Build.0 = Debug|Any CPU
		{CDAE700C-01CA-4B31-87BA-173EAC4C33EA}.Release|Any CPU.ActiveCfg = Release|Any CPU
		{CDAE700C-01CA-4B31-87BA-173EAC4C33EA}.Release|Any CPU.Build.0 = Release|Any CPU
	EndGlobalSection
	GlobalSection(SolutionProperties) = preSolution
		HideSolutionNode = FALSE
	EndGlobalSection
	GlobalSection(ExtensibilityGlobals) = postSolution
		SolutionGuid = {C3DA8324-A2E6-4F83-9452-7215DDB3A402}
	EndGlobalSection
EndGlobal
